// !$*UTF8*$!
{
	archiveVersion = 1;
	classes = {
	};
	objectVersion = 77;
	objects = {

/* Begin PBXBuildFile section */
		C4E643802E5FF9CE001A1303 /* BaseViewController.swift in Sources */ = {isa = PBXBuildFile; fileRef = C4E643572E5FF9CE001A1303 /* BaseViewController.swift */; };
		C4E643812E5FF9CE001A1303 /* BaseViewModel.swift in Sources */ = {isa = PBXBuildFile; fileRef = C4E643582E5FF9CE001A1303 /* BaseViewModel.swift */; };
		C4E643822E5FF9CE001A1303 /* LoadingView.swift in Sources */ = {isa = PBXBuildFile; fileRef = C4E6435A2E5FF9CE001A1303 /* LoadingView.swift */; };
		C4E643832E5FF9CE001A1303 /* BookDetailModel.swift in Sources */ = {isa = PBXBuildFile; fileRef = C4E6435C2E5FF9CE001A1303 /* BookDetailModel.swift */; };
		C4E643842E5FF9CE001A1303 /* BookDetailInfoRowView.swift in Sources */ = {isa = PBXBuildFile; fileRef = C4E6435E2E5FF9CE001A1303 /* BookDetailInfoRowView.swift */; };
		C4E643852E5FF9CE001A1303 /* BookDetailViewController.swift in Sources */ = {isa = PBXBuildFile; fileRef = C4E643602E5FF9CE001A1303 /* BookDetailViewController.swift */; };
		C4E643862E5FF9CE001A1303 /* BookDetailViewModel.swift in Sources */ = {isa = PBXBuildFile; fileRef = C4E643612E5FF9CE001A1303 /* BookDetailViewModel.swift */; };
		C4E643872E5FF9CE001A1303 /* MainSearchListCell.swift in Sources */ = {isa = PBXBuildFile; fileRef = C4E643632E5FF9CE001A1303 /* MainSearchListCell.swift */; };
		C4E643882E5FF9CE001A1303 /* SearchBookModel.swift in Sources */ = {isa = PBXBuildFile; fileRef = C4E643652E5FF9CE001A1303 /* SearchBookModel.swift */; };
		C4E643892E5FF9CE001A1303 /* MainSearchViewController.swift in Sources */ = {isa = PBXBuildFile; fileRef = C4E643672E5FF9CE001A1303 /* MainSearchViewController.swift */; };
		C4E6438A2E5FF9CE001A1303 /* MainSearchViewModel.swift in Sources */ = {isa = PBXBuildFile; fileRef = C4E643682E5FF9CE001A1303 /* MainSearchViewModel.swift */; };
		C4E6438B2E5FF9CE001A1303 /* ITBookDetailResponseModel.swift in Sources */ = {isa = PBXBuildFile; fileRef = C4E6436B2E5FF9CE001A1303 /* ITBookDetailResponseModel.swift */; };
		C4E6438C2E5FF9CE001A1303 /* ITBookSearchResponseModel.swift in Sources */ = {isa = PBXBuildFile; fileRef = C4E6436C2E5FF9CE001A1303 /* ITBookSearchResponseModel.swift */; };
		C4E6438D2E5FF9CE001A1303 /* ITBookAPI.swift in Sources */ = {isa = PBXBuildFile; fileRef = C4E6436E2E5FF9CE001A1303 /* ITBookAPI.swift */; };
		C4E6438E2E5FF9CE001A1303 /* HttpAPIManager.swift in Sources */ = {isa = PBXBuildFile; fileRef = C4E643712E5FF9CE001A1303 /* HttpAPIManager.swift */; };
		C4E6438F2E5FF9CE001A1303 /* APIError.swift in Sources */ = {isa = PBXBuildFile; fileRef = C4E643732E5FF9CE001A1303 /* APIError.swift */; };
		C4E643902E5FF9CE001A1303 /* Array+Extensions.swift in Sources */ = {isa = PBXBuildFile; fileRef = C4E643742E5FF9CE001A1303 /* Array+Extensions.swift */; };
		C4E643912E5FF9CE001A1303 /* ImageLoader.swift in Sources */ = {isa = PBXBuildFile; fileRef = C4E643752E5FF9CE001A1303 /* ImageLoader.swift */; };
		C4E643922E5FF9CE001A1303 /* NSError+Extensions.swift in Sources */ = {isa = PBXBuildFile; fileRef = C4E643762E5FF9CE001A1303 /* NSError+Extensions.swift */; };
		C4E643932E5FF9CE001A1303 /* UIImageView+Extensions.swift in Sources */ = {isa = PBXBuildFile; fileRef = C4E643772E5FF9CE001A1303 /* UIImageView+Extensions.swift */; };
		C4E643942E5FF9CE001A1303 /* AppDelegate.swift in Sources */ = {isa = PBXBuildFile; fileRef = C4E643792E5FF9CE001A1303 /* AppDelegate.swift */; };
		C4E643952E5FF9CE001A1303 /* SceneDelegate.swift in Sources */ = {isa = PBXBuildFile; fileRef = C4E6437E2E5FF9CE001A1303 /* SceneDelegate.swift */; };
		C4E643962E5FF9CE001A1303 /* Assets.xcassets in Resources */ = {isa = PBXBuildFile; fileRef = C4E6437A2E5FF9CE001A1303 /* Assets.xcassets */; };
		C4E643982E5FF9CE001A1303 /* LaunchScreen.storyboard in Resources */ = {isa = PBXBuildFile; fileRef = C4E6437D2E5FF9CE001A1303 /* LaunchScreen.storyboard */; };
		C4E6439E2E5FF9D5001A1303 /* MockITBookAPI.swift in Sources */ = {isa = PBXBuildFile; fileRef = C4E643992E5FF9D5001A1303 /* MockITBookAPI.swift */; };
		C4E6439F2E5FF9D5001A1303 /* MainSearchViewModelTests.swift in Sources */ = {isa = PBXBuildFile; fileRef = C4E6439B2E5FF9D5001A1303 /* MainSearchViewModelTests.swift */; };
		C4E643A02E5FF9D5001A1303 /* SearchDetailViewModelTests.swift in Sources */ = {isa = PBXBuildFile; fileRef = C4E6439C2E5FF9D5001A1303 /* SearchDetailViewModelTests.swift */; };
/* End PBXBuildFile section */

/* Begin PBXContainerItemProxy section */
		C48AB85F2E5A94A000584550 /* PBXContainerItemProxy */ = {
			isa = PBXContainerItemProxy;
			containerPortal = C48AB8402E5A949F00584550 /* Project object */;
			proxyType = 1;
			remoteGlobalIDString = C48AB8472E5A949F00584550;
			remoteInfo = SeachBook;
		};
/* End PBXContainerItemProxy section */

/* Begin PBXFileReference section */
		C48AB8482E5A949F00584550 /* SeachBook.app */ = {isa = PBXFileReference; explicitFileType = wrapper.application; includeInIndex = 0; path = SeachBook.app; sourceTree = BUILT_PRODUCTS_DIR; };
		C48AB85E2E5A94A000584550 /* SeachBookTests.xctest */ = {isa = PBXFileReference; explicitFileType = wrapper.cfbundle; includeInIndex = 0; path = SeachBookTests.xctest; sourceTree = BUILT_PRODUCTS_DIR; };
		C4E643572E5FF9CE001A1303 /* BaseViewController.swift */ = {isa = PBXFileReference; lastKnownFileType = sourcecode.swift; path = BaseViewController.swift; sourceTree = "<group>"; };
		C4E643582E5FF9CE001A1303 /* BaseViewModel.swift */ = {isa = PBXFileReference; lastKnownFileType = sourcecode.swift; path = BaseViewModel.swift; sourceTree = "<group>"; };
		C4E6435A2E5FF9CE001A1303 /* LoadingView.swift */ = {isa = PBXFileReference; lastKnownFileType = sourcecode.swift; path = LoadingView.swift; sourceTree = "<group>"; };
		C4E6435C2E5FF9CE001A1303 /* BookDetailModel.swift */ = {isa = PBXFileReference; lastKnownFileType = sourcecode.swift; path = BookDetailModel.swift; sourceTree = "<group>"; };
		C4E6435E2E5FF9CE001A1303 /* BookDetailInfoRowView.swift */ = {isa = PBXFileReference; lastKnownFileType = sourcecode.swift; path = BookDetailInfoRowView.swift; sourceTree = "<group>"; };
		C4E643602E5FF9CE001A1303 /* BookDetailViewController.swift */ = {isa = PBXFileReference; lastKnownFileType = sourcecode.swift; path = BookDetailViewController.swift; sourceTree = "<group>"; };
		C4E643612E5FF9CE001A1303 /* BookDetailViewModel.swift */ = {isa = PBXFileReference; lastKnownFileType = sourcecode.swift; path = BookDetailViewModel.swift; sourceTree = "<group>"; };
		C4E643632E5FF9CE001A1303 /* MainSearchListCell.swift */ = {isa = PBXFileReference; lastKnownFileType = sourcecode.swift; path = MainSearchListCell.swift; sourceTree = "<group>"; };
		C4E643652E5FF9CE001A1303 /* SearchBookModel.swift */ = {isa = PBXFileReference; lastKnownFileType = sourcecode.swift; path = SearchBookModel.swift; sourceTree = "<group>"; };
		C4E643672E5FF9CE001A1303 /* MainSearchViewController.swift */ = {isa = PBXFileReference; lastKnownFileType = sourcecode.swift; path = MainSearchViewController.swift; sourceTree = "<group>"; };
		C4E643682E5FF9CE001A1303 /* MainSearchViewModel.swift */ = {isa = PBXFileReference; lastKnownFileType = sourcecode.swift; path = MainSearchViewModel.swift; sourceTree = "<group>"; };
		C4E6436B2E5FF9CE001A1303 /* ITBookDetailResponseModel.swift */ = {isa = PBXFileReference; lastKnownFileType = sourcecode.swift; path = ITBookDetailResponseModel.swift; sourceTree = "<group>"; };
		C4E6436C2E5FF9CE001A1303 /* ITBookSearchResponseModel.swift */ = {isa = PBXFileReference; lastKnownFileType = sourcecode.swift; path = ITBookSearchResponseModel.swift; sourceTree = "<group>"; };
		C4E6436E2E5FF9CE001A1303 /* ITBookAPI.swift */ = {isa = PBXFileReference; lastKnownFileType = sourcecode.swift; path = ITBookAPI.swift; sourceTree = "<group>"; };
		C4E643712E5FF9CE001A1303 /* HttpAPIManager.swift */ = {isa = PBXFileReference; lastKnownFileType = sourcecode.swift; path = HttpAPIManager.swift; sourceTree = "<group>"; };
		C4E643732E5FF9CE001A1303 /* APIError.swift */ = {isa = PBXFileReference; lastKnownFileType = sourcecode.swift; path = APIError.swift; sourceTree = "<group>"; };
		C4E643742E5FF9CE001A1303 /* Array+Extensions.swift */ = {isa = PBXFileReference; lastKnownFileType = sourcecode.swift; path = "Array+Extensions.swift"; sourceTree = "<group>"; };
		C4E643752E5FF9CE001A1303 /* ImageLoader.swift */ = {isa = PBXFileReference; lastKnownFileType = sourcecode.swift; path = ImageLoader.swift; sourceTree = "<group>"; };
		C4E643762E5FF9CE001A1303 /* NSError+Extensions.swift */ = {isa = PBXFileReference; lastKnownFileType = sourcecode.swift; path = "NSError+Extensions.swift"; sourceTree = "<group>"; };
		C4E643772E5FF9CE001A1303 /* UIImageView+Extensions.swift */ = {isa = PBXFileReference; lastKnownFileType = sourcecode.swift; path = "UIImageView+Extensions.swift"; sourceTree = "<group>"; };
		C4E643792E5FF9CE001A1303 /* AppDelegate.swift */ = {isa = PBXFileReference; lastKnownFileType = sourcecode.swift; path = AppDelegate.swift; sourceTree = "<group>"; };
		C4E6437A2E5FF9CE001A1303 /* Assets.xcassets */ = {isa = PBXFileReference; lastKnownFileType = folder.assetcatalog; path = Assets.xcassets; sourceTree = "<group>"; };
		C4E6437B2E5FF9CE001A1303 /* Info.plist */ = {isa = PBXFileReference; lastKnownFileType = text.plist.xml; path = Info.plist; sourceTree = "<group>"; };
		C4E6437C2E5FF9CE001A1303 /* Base */ = {isa = PBXFileReference; lastKnownFileType = file.storyboard; name = Base; path = Base.lproj/LaunchScreen.storyboard; sourceTree = "<group>"; };
		C4E6437E2E5FF9CE001A1303 /* SceneDelegate.swift */ = {isa = PBXFileReference; lastKnownFileType = sourcecode.swift; path = SceneDelegate.swift; sourceTree = "<group>"; };
		C4E643992E5FF9D5001A1303 /* MockITBookAPI.swift */ = {isa = PBXFileReference; lastKnownFileType = sourcecode.swift; path = MockITBookAPI.swift; sourceTree = "<group>"; };
		C4E6439B2E5FF9D5001A1303 /* MainSearchViewModelTests.swift */ = {isa = PBXFileReference; lastKnownFileType = sourcecode.swift; path = MainSearchViewModelTests.swift; sourceTree = "<group>"; };
		C4E6439C2E5FF9D5001A1303 /* SearchDetailViewModelTests.swift */ = {isa = PBXFileReference; lastKnownFileType = sourcecode.swift; path = SearchDetailViewModelTests.swift; sourceTree = "<group>"; };
/* End PBXFileReference section */

/* Begin PBXFrameworksBuildPhase section */
		C48AB8452E5A949F00584550 /* Frameworks */ = {
			isa = PBXFrameworksBuildPhase;
			buildActionMask = 2147483647;
			files = (
			);
			runOnlyForDeploymentPostprocessing = 0;
		};
		C48AB85B2E5A94A000584550 /* Frameworks */ = {
			isa = PBXFrameworksBuildPhase;
			buildActionMask = 2147483647;
			files = (
			);
			runOnlyForDeploymentPostprocessing = 0;
		};
/* End PBXFrameworksBuildPhase section */

/* Begin PBXGroup section */
		C48AB83F2E5A949F00584550 = {
			isa = PBXGroup;
			children = (
				C4E6437F2E5FF9CE001A1303 /* SeachBook */,
				C4E6439D2E5FF9D5001A1303 /* SeachBookTests */,
				C48AB8492E5A949F00584550 /* Products */,
			);
			sourceTree = "<group>";
		};
		C48AB8492E5A949F00584550 /* Products */ = {
			isa = PBXGroup;
			children = (
				C48AB8482E5A949F00584550 /* SeachBook.app */,
				C48AB85E2E5A94A000584550 /* SeachBookTests.xctest */,
			);
			name = Products;
			sourceTree = "<group>";
		};
		C4E643592E5FF9CE001A1303 /* Base */ = {
			isa = PBXGroup;
			children = (
				C4E643572E5FF9CE001A1303 /* BaseViewController.swift */,
				C4E643582E5FF9CE001A1303 /* BaseViewModel.swift */,
			);
			path = Base;
			sourceTree = "<group>";
		};
		C4E6435B2E5FF9CE001A1303 /* CommonViews */ = {
			isa = PBXGroup;
			children = (
				C4E6435A2E5FF9CE001A1303 /* LoadingView.swift */,
			);
			path = CommonViews;
			sourceTree = "<group>";
		};
		C4E6435D2E5FF9CE001A1303 /* Model */ = {
			isa = PBXGroup;
			children = (
				C4E6435C2E5FF9CE001A1303 /* BookDetailModel.swift */,
			);
			path = Model;
			sourceTree = "<group>";
		};
		C4E6435F2E5FF9CE001A1303 /* Views */ = {
			isa = PBXGroup;
			children = (
				C4E6435E2E5FF9CE001A1303 /* BookDetailInfoRowView.swift */,
			);
			path = Views;
			sourceTree = "<group>";
		};
		C4E643622E5FF9CE001A1303 /* BookDetail */ = {
			isa = PBXGroup;
			children = (
				C4E6435D2E5FF9CE001A1303 /* Model */,
				C4E6435F2E5FF9CE001A1303 /* Views */,
				C4E643602E5FF9CE001A1303 /* BookDetailViewController.swift */,
				C4E643612E5FF9CE001A1303 /* BookDetailViewModel.swift */,
			);
			path = BookDetail;
			sourceTree = "<group>";
		};
		C4E643642E5FF9CE001A1303 /* Cells */ = {
			isa = PBXGroup;
			children = (
				C4E643632E5FF9CE001A1303 /* MainSearchListCell.swift */,
			);
			path = Cells;
			sourceTree = "<group>";
		};
		C4E643662E5FF9CE001A1303 /* Model */ = {
			isa = PBXGroup;
			children = (
				C4E643652E5FF9CE001A1303 /* SearchBookModel.swift */,
			);
			path = Model;
			sourceTree = "<group>";
		};
		C4E643692E5FF9CE001A1303 /* MainSearch */ = {
			isa = PBXGroup;
			children = (
				C4E643642E5FF9CE001A1303 /* Cells */,
				C4E643662E5FF9CE001A1303 /* Model */,
				C4E643672E5FF9CE001A1303 /* MainSearchViewController.swift */,
				C4E643682E5FF9CE001A1303 /* MainSearchViewModel.swift */,
			);
			path = MainSearch;
			sourceTree = "<group>";
		};
		C4E6436A2E5FF9CE001A1303 /* Pages */ = {
			isa = PBXGroup;
			children = (
				C4E643622E5FF9CE001A1303 /* BookDetail */,
				C4E643692E5FF9CE001A1303 /* MainSearch */,
			);
			path = Pages;
			sourceTree = "<group>";
		};
		C4E6436D2E5FF9CE001A1303 /* ResponseModel */ = {
			isa = PBXGroup;
			children = (
				C4E6436B2E5FF9CE001A1303 /* ITBookDetailResponseModel.swift */,
				C4E6436C2E5FF9CE001A1303 /* ITBookSearchResponseModel.swift */,
			);
			path = ResponseModel;
			sourceTree = "<group>";
		};
		C4E6436F2E5FF9CE001A1303 /* ITBookAPI */ = {
			isa = PBXGroup;
			children = (
				C4E6436D2E5FF9CE001A1303 /* ResponseModel */,
				C4E6436E2E5FF9CE001A1303 /* ITBookAPI.swift */,
			);
			path = ITBookAPI;
			sourceTree = "<group>";
		};
		C4E643702E5FF9CE001A1303 /* API */ = {
			isa = PBXGroup;
			children = (
				C4E6436F2E5FF9CE001A1303 /* ITBookAPI */,
			);
			path = API;
			sourceTree = "<group>";
		};
		C4E643722E5FF9CE001A1303 /* Service */ = {
			isa = PBXGroup;
			children = (
				C4E643702E5FF9CE001A1303 /* API */,
				C4E643712E5FF9CE001A1303 /* HttpAPIManager.swift */,
			);
			path = Service;
			sourceTree = "<group>";
		};
		C4E643782E5FF9CE001A1303 /* Utils */ = {
			isa = PBXGroup;
			children = (
				C4E643732E5FF9CE001A1303 /* APIError.swift */,
				C4E643742E5FF9CE001A1303 /* Array+Extensions.swift */,
				C4E643752E5FF9CE001A1303 /* ImageLoader.swift */,
				C4E643762E5FF9CE001A1303 /* NSError+Extensions.swift */,
				C4E643772E5FF9CE001A1303 /* UIImageView+Extensions.swift */,
			);
			path = Utils;
			sourceTree = "<group>";
		};
		C4E6437F2E5FF9CE001A1303 /* SeachBook */ = {
			isa = PBXGroup;
			children = (
				C4E643592E5FF9CE001A1303 /* Base */,
				C4E6435B2E5FF9CE001A1303 /* CommonViews */,
				C4E6436A2E5FF9CE001A1303 /* Pages */,
				C4E643722E5FF9CE001A1303 /* Service */,
				C4E643782E5FF9CE001A1303 /* Utils */,
				C4E643792E5FF9CE001A1303 /* AppDelegate.swift */,
				C4E6437A2E5FF9CE001A1303 /* Assets.xcassets */,
				C4E6437B2E5FF9CE001A1303 /* Info.plist */,
				C4E6437D2E5FF9CE001A1303 /* LaunchScreen.storyboard */,
				C4E6437E2E5FF9CE001A1303 /* SceneDelegate.swift */,
			);
			path = SeachBook;
			sourceTree = "<group>";
		};
		C4E6439A2E5FF9D5001A1303 /* Support */ = {
			isa = PBXGroup;
			children = (
				C4E643992E5FF9D5001A1303 /* MockITBookAPI.swift */,
			);
			path = Support;
			sourceTree = "<group>";
		};
		C4E6439D2E5FF9D5001A1303 /* SeachBookTests */ = {
			isa = PBXGroup;
			children = (
				C4E6439A2E5FF9D5001A1303 /* Support */,
				C4E6439B2E5FF9D5001A1303 /* MainSearchViewModelTests.swift */,
				C4E6439C2E5FF9D5001A1303 /* SearchDetailViewModelTests.swift */,
			);
			path = SeachBookTests;
			sourceTree = "<group>";
		};
/* End PBXGroup section */

/* Begin PBXNativeTarget section */
		C48AB8472E5A949F00584550 /* SeachBook */ = {
			isa = PBXNativeTarget;
			buildConfigurationList = C48AB8712E5A94A000584550 /* Build configuration list for PBXNativeTarget "SeachBook" */;
			buildPhases = (
				C48AB8442E5A949F00584550 /* Sources */,
				C48AB8452E5A949F00584550 /* Frameworks */,
				C48AB8462E5A949F00584550 /* Resources */,
			);
			buildRules = (
			);
			dependencies = (
			);
			name = SeachBook;
			packageProductDependencies = (
			);
			productName = SeachBook;
			productReference = C48AB8482E5A949F00584550 /* SeachBook.app */;
			productType = "com.apple.product-type.application";
		};
		C48AB85D2E5A94A000584550 /* SeachBookTests */ = {
			isa = PBXNativeTarget;
			buildConfigurationList = C48AB8762E5A94A000584550 /* Build configuration list for PBXNativeTarget "SeachBookTests" */;
			buildPhases = (
				C48AB85A2E5A94A000584550 /* Sources */,
				C48AB85B2E5A94A000584550 /* Frameworks */,
				C48AB85C2E5A94A000584550 /* Resources */,
			);
			buildRules = (
			);
			dependencies = (
				C48AB8602E5A94A000584550 /* PBXTargetDependency */,
			);
			name = SeachBookTests;
			packageProductDependencies = (
			);
			productName = SeachBookTests;
			productReference = C48AB85E2E5A94A000584550 /* SeachBookTests.xctest */;
			productType = "com.apple.product-type.bundle.unit-test";
		};
/* End PBXNativeTarget section */

/* Begin PBXProject section */
		C48AB8402E5A949F00584550 /* Project object */ = {
			isa = PBXProject;
			attributes = {
				BuildIndependentTargetsInParallel = 1;
				LastSwiftUpdateCheck = 1620;
				LastUpgradeCheck = 1620;
				TargetAttributes = {
					C48AB8472E5A949F00584550 = {
						CreatedOnToolsVersion = 16.2;
					};
					C48AB85D2E5A94A000584550 = {
						CreatedOnToolsVersion = 16.2;
						TestTargetID = C48AB8472E5A949F00584550;
					};
				};
			};
			buildConfigurationList = C48AB8432E5A949F00584550 /* Build configuration list for PBXProject "SeachBook" */;
			developmentRegion = en;
			hasScannedForEncodings = 0;
			knownRegions = (
				en,
				Base,
			);
			mainGroup = C48AB83F2E5A949F00584550;
			minimizedProjectReferenceProxies = 1;
			preferredProjectObjectVersion = 77;
			productRefGroup = C48AB8492E5A949F00584550 /* Products */;
			projectDirPath = "";
			projectRoot = "";
			targets = (
				C48AB8472E5A949F00584550 /* SeachBook */,
				C48AB85D2E5A94A000584550 /* SeachBookTests */,
			);
		};
/* End PBXProject section */

/* Begin PBXResourcesBuildPhase section */
		C48AB8462E5A949F00584550 /* Resources */ = {
			isa = PBXResourcesBuildPhase;
			buildActionMask = 2147483647;
			files = (
				C4E643962E5FF9CE001A1303 /* Assets.xcassets in Resources */,
				C4E643982E5FF9CE001A1303 /* LaunchScreen.storyboard in Resources */,
			);
			runOnlyForDeploymentPostprocessing = 0;
		};
		C48AB85C2E5A94A000584550 /* Resources */ = {
			isa = PBXResourcesBuildPhase;
			buildActionMask = 2147483647;
			files = (
			);
			runOnlyForDeploymentPostprocessing = 0;
		};
/* End PBXResourcesBuildPhase section */

/* Begin PBXSourcesBuildPhase section */
		C48AB8442E5A949F00584550 /* Sources */ = {
			isa = PBXSourcesBuildPhase;
			buildActionMask = 2147483647;
			files = (
				C4E643802E5FF9CE001A1303 /* BaseViewController.swift in Sources */,
				C4E643812E5FF9CE001A1303 /* BaseViewModel.swift in Sources */,
				C4E643822E5FF9CE001A1303 /* LoadingView.swift in Sources */,
				C4E643832E5FF9CE001A1303 /* BookDetailModel.swift in Sources */,
				C4E643842E5FF9CE001A1303 /* BookDetailInfoRowView.swift in Sources */,
				C4E643852E5FF9CE001A1303 /* BookDetailViewController.swift in Sources */,
				C4E643862E5FF9CE001A1303 /* BookDetailViewModel.swift in Sources */,
				C4E643872E5FF9CE001A1303 /* MainSearchListCell.swift in Sources */,
				C4E643882E5FF9CE001A1303 /* SearchBookModel.swift in Sources */,
				C4E643892E5FF9CE001A1303 /* MainSearchViewController.swift in Sources */,
				C4E6438A2E5FF9CE001A1303 /* MainSearchViewModel.swift in Sources */,
				C4E6438B2E5FF9CE001A1303 /* ITBookDetailResponseModel.swift in Sources */,
				C4E6438C2E5FF9CE001A1303 /* ITBookSearchResponseModel.swift in Sources */,
				C4E6438D2E5FF9CE001A1303 /* ITBookAPI.swift in Sources */,
				C4E6438E2E5FF9CE001A1303 /* HttpAPIManager.swift in Sources */,
				C4E6438F2E5FF9CE001A1303 /* APIError.swift in Sources */,
				C4E643902E5FF9CE001A1303 /* Array+Extensions.swift in Sources */,
				C4E643912E5FF9CE001A1303 /* ImageLoader.swift in Sources */,
				C4E643922E5FF9CE001A1303 /* NSError+Extensions.swift in Sources */,
				C4E643932E5FF9CE001A1303 /* UIImageView+Extensions.swift in Sources */,
				C4E643942E5FF9CE001A1303 /* AppDelegate.swift in Sources */,
				C4E643952E5FF9CE001A1303 /* SceneDelegate.swift in Sources */,
			);
			runOnlyForDeploymentPostprocessing = 0;
		};
		C48AB85A2E5A94A000584550 /* Sources */ = {
			isa = PBXSourcesBuildPhase;
			buildActionMask = 2147483647;
			files = (
				C4E6439E2E5FF9D5001A1303 /* MockITBookAPI.swift in Sources */,
				C4E6439F2E5FF9D5001A1303 /* MainSearchViewModelTests.swift in Sources */,
				C4E643A02E5FF9D5001A1303 /* SearchDetailViewModelTests.swift in Sources */,
			);
			runOnlyForDeploymentPostprocessing = 0;
		};
/* End PBXSourcesBuildPhase section */

/* Begin PBXTargetDependency section */
		C48AB8602E5A94A000584550 /* PBXTargetDependency */ = {
			isa = PBXTargetDependency;
			target = C48AB8472E5A949F00584550 /* SeachBook */;
			targetProxy = C48AB85F2E5A94A000584550 /* PBXContainerItemProxy */;
		};
/* End PBXTargetDependency section */

/* Begin PBXVariantGroup section */
		C4E6437D2E5FF9CE001A1303 /* LaunchScreen.storyboard */ = {
			isa = PBXVariantGroup;
			children = (
				C4E6437C2E5FF9CE001A1303 /* Base */,
			);
			name = LaunchScreen.storyboard;
			sourceTree = "<group>";
		};
/* End PBXVariantGroup section */

/* Begin XCBuildConfiguration section */
		C48AB8722E5A94A000584550 /* Debug */ = {
			isa = XCBuildConfiguration;
			buildSettings = {
				ASSETCATALOG_COMPILER_APPICON_NAME = AppIcon;
				ASSETCATALOG_COMPILER_GLOBAL_ACCENT_COLOR_NAME = AccentColor;
				CODE_SIGN_STYLE = Automatic;
				CURRENT_PROJECT_VERSION = 1;
				DEVELOPMENT_TEAM = 653TUFJ9Y7;
				GENERATE_INFOPLIST_FILE = YES;
				INFOPLIST_FILE = SeachBook/Info.plist;
				INFOPLIST_KEY_UIApplicationSupportsIndirectInputEvents = YES;
				INFOPLIST_KEY_UILaunchStoryboardName = LaunchScreen;
				INFOPLIST_KEY_UISupportedInterfaceOrientations_iPad = "UIInterfaceOrientationPortrait UIInterfaceOrientationPortraitUpsideDown UIInterfaceOrientationLandscapeLeft UIInterfaceOrientationLandscapeRight";
				INFOPLIST_KEY_UISupportedInterfaceOrientations_iPhone = "UIInterfaceOrientationPortrait UIInterfaceOrientationLandscapeLeft UIInterfaceOrientationLandscapeRight";
				LD_RUNPATH_SEARCH_PATHS = (
					"$(inherited)",
					"@executable_path/Frameworks",
				);
				MARKETING_VERSION = 1.0;
				PRODUCT_BUNDLE_IDENTIFIER = com.ayeonii.SeachBook;
				PRODUCT_NAME = "$(TARGET_NAME)";
				SWIFT_EMIT_LOC_STRINGS = YES;
				SWIFT_VERSION = 5.0;
				TARGETED_DEVICE_FAMILY = "1,2";
			};
			name = Debug;
		};
		C48AB8732E5A94A000584550 /* Release */ = {
			isa = XCBuildConfiguration;
			buildSettings = {
				ASSETCATALOG_COMPILER_APPICON_NAME = AppIcon;
				ASSETCATALOG_COMPILER_GLOBAL_ACCENT_COLOR_NAME = AccentColor;
				CODE_SIGN_STYLE = Automatic;
				CURRENT_PROJECT_VERSION = 1;
				DEVELOPMENT_TEAM = 653TUFJ9Y7;
				GENERATE_INFOPLIST_FILE = YES;
				INFOPLIST_FILE = SeachBook/Info.plist;
				INFOPLIST_KEY_UIApplicationSupportsIndirectInputEvents = YES;
				INFOPLIST_KEY_UILaunchStoryboardName = LaunchScreen;
				INFOPLIST_KEY_UISupportedInterfaceOrientations_iPad = "UIInterfaceOrientationPortrait UIInterfaceOrientationPortraitUpsideDown UIInterfaceOrientationLandscapeLeft UIInterfaceOrientationLandscapeRight";
				INFOPLIST_KEY_UISupportedInterfaceOrientations_iPhone = "UIInterfaceOrientationPortrait UIInterfaceOrientationLandscapeLeft UIInterfaceOrientationLandscapeRight";
				LD_RUNPATH_SEARCH_PATHS = (
					"$(inherited)",
					"@executable_path/Frameworks",
				);
				MARKETING_VERSION = 1.0;
				PRODUCT_BUNDLE_IDENTIFIER = com.ayeonii.SeachBook;
				PRODUCT_NAME = "$(TARGET_NAME)";
				SWIFT_EMIT_LOC_STRINGS = YES;
				SWIFT_VERSION = 5.0;
				TARGETED_DEVICE_FAMILY = "1,2";
			};
			name = Release;
		};
		C48AB8742E5A94A000584550 /* Debug */ = {
			isa = XCBuildConfiguration;
			buildSettings = {
				ALWAYS_SEARCH_USER_PATHS = NO;
				ASSETCATALOG_COMPILER_GENERATE_SWIFT_ASSET_SYMBOL_EXTENSIONS = YES;
				CLANG_ANALYZER_NONNULL = YES;
				CLANG_ANALYZER_NUMBER_OBJECT_CONVERSION = YES_AGGRESSIVE;
				CLANG_CXX_LANGUAGE_STANDARD = "gnu++20";
				CLANG_ENABLE_MODULES = YES;
				CLANG_ENABLE_OBJC_ARC = YES;
				CLANG_ENABLE_OBJC_WEAK = YES;
				CLANG_WARN_BLOCK_CAPTURE_AUTORELEASING = YES;
				CLANG_WARN_BOOL_CONVERSION = YES;
				CLANG_WARN_COMMA = YES;
				CLANG_WARN_CONSTANT_CONVERSION = YES;
				CLANG_WARN_DEPRECATED_OBJC_IMPLEMENTATIONS = YES;
				CLANG_WARN_DIRECT_OBJC_ISA_USAGE = YES_ERROR;
				CLANG_WARN_DOCUMENTATION_COMMENTS = YES;
				CLANG_WARN_EMPTY_BODY = YES;
				CLANG_WARN_ENUM_CONVERSION = YES;
				CLANG_WARN_INFINITE_RECURSION = YES;
				CLANG_WARN_INT_CONVERSION = YES;
				CLANG_WARN_NON_LITERAL_NULL_CONVERSION = YES;
				CLANG_WARN_OBJC_IMPLICIT_RETAIN_SELF = YES;
				CLANG_WARN_OBJC_LITERAL_CONVERSION = YES;
				CLANG_WARN_OBJC_ROOT_CLASS = YES_ERROR;
				CLANG_WARN_QUOTED_INCLUDE_IN_FRAMEWORK_HEADER = YES;
				CLANG_WARN_RANGE_LOOP_ANALYSIS = YES;
				CLANG_WARN_STRICT_PROTOTYPES = YES;
				CLANG_WARN_SUSPICIOUS_MOVE = YES;
				CLANG_WARN_UNGUARDED_AVAILABILITY = YES_AGGRESSIVE;
				CLANG_WARN_UNREACHABLE_CODE = YES;
				CLANG_WARN__DUPLICATE_METHOD_MATCH = YES;
				COPY_PHASE_STRIP = NO;
				DEBUG_INFORMATION_FORMAT = dwarf;
				ENABLE_STRICT_OBJC_MSGSEND = YES;
				ENABLE_TESTABILITY = YES;
				ENABLE_USER_SCRIPT_SANDBOXING = YES;
				GCC_C_LANGUAGE_STANDARD = gnu17;
				GCC_DYNAMIC_NO_PIC = NO;
				GCC_NO_COMMON_BLOCKS = YES;
				GCC_OPTIMIZATION_LEVEL = 0;
				GCC_PREPROCESSOR_DEFINITIONS = (
					"DEBUG=1",
					"$(inherited)",
				);
				GCC_WARN_64_TO_32_BIT_CONVERSION = YES;
				GCC_WARN_ABOUT_RETURN_TYPE = YES_ERROR;
				GCC_WARN_UNDECLARED_SELECTOR = YES;
				GCC_WARN_UNINITIALIZED_AUTOS = YES_AGGRESSIVE;
				GCC_WARN_UNUSED_FUNCTION = YES;
				GCC_WARN_UNUSED_VARIABLE = YES;
				IPHONEOS_DEPLOYMENT_TARGET = 18.2;
				LOCALIZATION_PREFERS_STRING_CATALOGS = YES;
				MTL_ENABLE_DEBUG_INFO = INCLUDE_SOURCE;
				MTL_FAST_MATH = YES;
				ONLY_ACTIVE_ARCH = YES;
				SDKROOT = iphoneos;
				SWIFT_ACTIVE_COMPILATION_CONDITIONS = "DEBUG $(inherited)";
				SWIFT_OPTIMIZATION_LEVEL = "-Onone";
			};
			name = Debug;
		};
		C48AB8752E5A94A000584550 /* Release */ = {
			isa = XCBuildConfiguration;
			buildSettings = {
				ALWAYS_SEARCH_USER_PATHS = NO;
				ASSETCATALOG_COMPILER_GENERATE_SWIFT_ASSET_SYMBOL_EXTENSIONS = YES;
				CLANG_ANALYZER_NONNULL = YES;
				CLANG_ANALYZER_NUMBER_OBJECT_CONVERSION = YES_AGGRESSIVE;
				CLANG_CXX_LANGUAGE_STANDARD = "gnu++20";
				CLANG_ENABLE_MODULES = YES;
				CLANG_ENABLE_OBJC_ARC = YES;
				CLANG_ENABLE_OBJC_WEAK = YES;
				CLANG_WARN_BLOCK_CAPTURE_AUTORELEASING = YES;
				CLANG_WARN_BOOL_CONVERSION = YES;
				CLANG_WARN_COMMA = YES;
				CLANG_WARN_CONSTANT_CONVERSION = YES;
				CLANG_WARN_DEPRECATED_OBJC_IMPLEMENTATIONS = YES;
				CLANG_WARN_DIRECT_OBJC_ISA_USAGE = YES_ERROR;
				CLANG_WARN_DOCUMENTATION_COMMENTS = YES;
				CLANG_WARN_EMPTY_BODY = YES;
				CLANG_WARN_ENUM_CONVERSION = YES;
				CLANG_WARN_INFINITE_RECURSION = YES;
				CLANG_WARN_INT_CONVERSION = YES;
				CLANG_WARN_NON_LITERAL_NULL_CONVERSION = YES;
				CLANG_WARN_OBJC_IMPLICIT_RETAIN_SELF = YES;
				CLANG_WARN_OBJC_LITERAL_CONVERSION = YES;
				CLANG_WARN_OBJC_ROOT_CLASS = YES_ERROR;
				CLANG_WARN_QUOTED_INCLUDE_IN_FRAMEWORK_HEADER = YES;
				CLANG_WARN_RANGE_LOOP_ANALYSIS = YES;
				CLANG_WARN_STRICT_PROTOTYPES = YES;
				CLANG_WARN_SUSPICIOUS_MOVE = YES;
				CLANG_WARN_UNGUARDED_AVAILABILITY = YES_AGGRESSIVE;
				CLANG_WARN_UNREACHABLE_CODE = YES;
				CLANG_WARN__DUPLICATE_METHOD_MATCH = YES;
				COPY_PHASE_STRIP = NO;
				DEBUG_INFORMATION_FORMAT = "dwarf-with-dsym";
				ENABLE_NS_ASSERTIONS = NO;
				ENABLE_STRICT_OBJC_MSGSEND = YES;
				ENABLE_USER_SCRIPT_SANDBOXING = YES;
				GCC_C_LANGUAGE_STANDARD = gnu17;
				GCC_NO_COMMON_BLOCKS = YES;
				GCC_WARN_64_TO_32_BIT_CONVERSION = YES;
				GCC_WARN_ABOUT_RETURN_TYPE = YES_ERROR;
				GCC_WARN_UNDECLARED_SELECTOR = YES;
				GCC_WARN_UNINITIALIZED_AUTOS = YES_AGGRESSIVE;
				GCC_WARN_UNUSED_FUNCTION = YES;
				GCC_WARN_UNUSED_VARIABLE = YES;
				IPHONEOS_DEPLOYMENT_TARGET = 18.2;
				LOCALIZATION_PREFERS_STRING_CATALOGS = YES;
				MTL_ENABLE_DEBUG_INFO = NO;
				MTL_FAST_MATH = YES;
				SDKROOT = iphoneos;
				SWIFT_COMPILATION_MODE = wholemodule;
				VALIDATE_PRODUCT = YES;
			};
			name = Release;
		};
		C48AB8772E5A94A000584550 /* Debug */ = {
			isa = XCBuildConfiguration;
			buildSettings = {
				BUNDLE_LOADER = "$(TEST_HOST)";
				CODE_SIGN_STYLE = Automatic;
				CURRENT_PROJECT_VERSION = 1;
				DEVELOPMENT_TEAM = 28AMFN3XXB;
				GENERATE_INFOPLIST_FILE = YES;
				IPHONEOS_DEPLOYMENT_TARGET = 18.2;
				MARKETING_VERSION = 1.0;
				PRODUCT_BUNDLE_IDENTIFIER = com.ayeonii.SeachBookTests;
				PRODUCT_NAME = "$(TARGET_NAME)";
				SWIFT_EMIT_LOC_STRINGS = NO;
				SWIFT_VERSION = 5.0;
				TARGETED_DEVICE_FAMILY = "1,2";
				TEST_HOST = "$(BUILT_PRODUCTS_DIR)/SeachBook.app/$(BUNDLE_EXECUTABLE_FOLDER_PATH)/SeachBook";
			};
			name = Debug;
		};
		C48AB8782E5A94A000584550 /* Release */ = {
			isa = XCBuildConfiguration;
			buildSettings = {
				BUNDLE_LOADER = "$(TEST_HOST)";
				CODE_SIGN_STYLE = Automatic;
				CURRENT_PROJECT_VERSION = 1;
				DEVELOPMENT_TEAM = 28AMFN3XXB;
				GENERATE_INFOPLIST_FILE = YES;
				IPHONEOS_DEPLOYMENT_TARGET = 18.2;
				MARKETING_VERSION = 1.0;
				PRODUCT_BUNDLE_IDENTIFIER = com.ayeonii.SeachBookTests;
				PRODUCT_NAME = "$(TARGET_NAME)";
				SWIFT_EMIT_LOC_STRINGS = NO;
				SWIFT_VERSION = 5.0;
				TARGETED_DEVICE_FAMILY = "1,2";
				TEST_HOST = "$(BUILT_PRODUCTS_DIR)/SeachBook.app/$(BUNDLE_EXECUTABLE_FOLDER_PATH)/SeachBook";
			};
			name = Release;
		};
/* End XCBuildConfiguration section */

/* Begin XCConfigurationList section */
		C48AB8432E5A949F00584550 /* Build configuration list for PBXProject "SeachBook" */ = {
			isa = XCConfigurationList;
			buildConfigurations = (
				C48AB8742E5A94A000584550 /* Debug */,
				C48AB8752E5A94A000584550 /* Release */,
			);
			defaultConfigurationIsVisible = 0;
			defaultConfigurationName = Release;
		};
		C48AB8712E5A94A000584550 /* Build configuration list for PBXNativeTarget "SeachBook" */ = {
			isa = XCConfigurationList;
			buildConfigurations = (
				C48AB8722E5A94A000584550 /* Debug */,
				C48AB8732E5A94A000584550 /* Release */,
			);
			defaultConfigurationIsVisible = 0;
			defaultConfigurationName = Release;
		};
		C48AB8762E5A94A000584550 /* Build configuration list for PBXNativeTarget "SeachBookTests" */ = {
			isa = XCConfigurationList;
			buildConfigurations = (
				C48AB8772E5A94A000584550 /* Debug */,
				C48AB8782E5A94A000584550 /* Release */,
			);
			defaultConfigurationIsVisible = 0;
			defaultConfigurationName = Release;
		};
/* End XCConfigurationList section */
	};
	rootObject = C48AB8402E5A949F00584550 /* Project object */;
}
